
Microsoft Visual Studio Solution File, Format Version 12.00
# Visual Studio 15
VisualStudioVersion = 15.0.26403.7
MinimumVisualStudioVersion = 10.0.40219.1
Project("{FAE04EC0-301F-11D3-BF4B-00C04F79EFBC}") = "GraDes", "GraDes\GraDes.csproj", "{DE847CB4-F3A6-4FA0-8F03-7E2268295E6D}"
EndProject
Project("{54435603-DBB4-11D2-8724-00A0C9A8B90C}") = "投票系统", "投票系统\投票系统.vdproj", "{2EB236B9-B333-4E81-8EED-6082A8647CB3}"
EndProject
Global
	GlobalSection(SolutionConfigurationPlatforms) = preSolution
		Debug|Any CPU = Debug|Any CPU
		Release|Any CPU = Release|Any CPU
	EndGlobalSection
	GlobalSection(ProjectConfigurationPlatforms) = postSolution
		{DE847CB4-F3A6-4FA0-8F03-7E2268295E6D}.Debug|Any CPU.ActiveCfg = Debug|Any CPU
		{DE847CB4-F3A6-4FA0-8F03-7E2268295E6D}.Debug|Any CPU.Build.0 = Debug|Any CPU
		{DE847CB4-F3A6-4FA0-8F03-7E2268295E6D}.Release|Any CPU.ActiveCfg = Release|Any CPU
		{DE847CB4-F3A6-4FA0-8F03-7E2268295E6D}.Release|Any CPU.Build.0 = Release|Any CPU
		{2EB236B9-B333-4E81-8EED-6082A8647CB3}.Debug|Any CPU.ActiveCfg = Debug
		{2EB236B9-B333-4E81-8EED-6082A8647CB3}.Release|Any CPU.ActiveCfg = Release
	EndGlobalSection
	GlobalSection(SolutionProperties) = preSolution
		HideSolutionNode = FALSE
	EndGlobalSection
EndGlobal
